
Microsoft Visual Studio Solution File, Format Version 12.00
# Visual Studio Version 16
VisualStudioVersion = 16.0.30128.74
MinimumVisualStudioVersion = 10.0.40219.1
Project("{FAE04EC0-301F-11D3-BF4B-00C04F79EFBC}") = "PickAndPlay", "PickAndPlay.csproj", "{DF3834EE-1C5B-4CAD-81BB-51DF6CA9A615}"
EndProject
Global
	GlobalSection(SolutionConfigurationPlatforms) = preSolution
		Debug|Any CPU = Debug|Any CPU
		Release|Any CPU = Release|Any CPU
	EndGlobalSection
	GlobalSection(ProjectConfigurationPlatforms) = postSolution
		{DF3834EE-1C5B-4CAD-81BB-51DF6CA9A615}.Debug|Any CPU.ActiveCfg = Debug|Any CPU
		{DF3834EE-1C5B-4CAD-81BB-51DF6CA9A615}.Debug|Any CPU.Build.0 = Debug|Any CPU
		{DF3834EE-1C5B-4CAD-81BB-51DF6CA9A615}.Release|Any CPU.ActiveCfg = Release|Any CPU
		{DF3834EE-1C5B-4CAD-81BB-51DF6CA9A615}.Release|Any CPU.Build.0 = Release|Any CPU
	EndGlobalSection
	GlobalSection(SolutionProperties) = preSolution
		HideSolutionNode = FALSE
	EndGlobalSection
	GlobalSection(ExtensibilityGlobals) = postSolution
		SolutionGuid = {265BB462-E706-48D7-839B-435391B0588F}
	EndGlobalSection
EndGlobal
